
Microsoft Visual Studio Solution File, Format Version 12.00
# Visual Studio Version 17
VisualStudioVersion = 17.4.33213.308
MinimumVisualStudioVersion = 10.0.40219.1
Project("{9A19103F-16F7-4668-BE54-9A1E7A4F7556}") = "SchoolManagement", "SchoolManagement\SchoolManagement.csproj", "{B14B86C9-59EB-4964-8FAB-1C93A66A33F3}"
EndProject
Project("{9A19103F-16F7-4668-BE54-9A1E7A4F7556}") = "SchoolDTOS", "SchoolDTOS\SchoolDTOS.csproj", "{7FAFA615-7EB0-4DF7-8004-5F39302C1506}"
EndProject
Project("{9A19103F-16F7-4668-BE54-9A1E7A4F7556}") = "SchoolAPI", "..\..\API\SchoolAPI\SchoolAPI.csproj", "{79B8C5F4-AEE7-46CE-A353-24AF88F2EE82}"
EndProject
Global
	GlobalSection(SolutionConfigurationPlatforms) = preSolution
		Debug|Any CPU = Debug|Any CPU
		Release|Any CPU = Release|Any CPU
	EndGlobalSection
	GlobalSection(ProjectConfigurationPlatforms) = postSolution
		{B14B86C9-59EB-4964-8FAB-1C93A66A33F3}.Debug|Any CPU.ActiveCfg = Debug|Any CPU
		{B14B86C9-59EB-4964-8FAB-1C93A66A33F3}.Debug|Any CPU.Build.0 = Debug|Any CPU
		{B14B86C9-59EB-4964-8FAB-1C93A66A33F3}.Release|Any CPU.ActiveCfg = Release|Any CPU
		{B14B86C9-59EB-4964-8FAB-1C93A66A33F3}.Release|Any CPU.Build.0 = Release|Any CPU
		{7FAFA615-7EB0-4DF7-8004-5F39302C1506}.Debug|Any CPU.ActiveCfg = Debug|Any CPU
		{7FAFA615-7EB0-4DF7-8004-5F39302C1506}.Debug|Any CPU.Build.0 = Debug|Any CPU
		{7FAFA615-7EB0-4DF7-8004-5F39302C1506}.Release|Any CPU.ActiveCfg = Release|Any CPU
		{7FAFA615-7EB0-4DF7-8004-5F39302C1506}.Release|Any CPU.Build.0 = Release|Any CPU
		{79B8C5F4-AEE7-46CE-A353-24AF88F2EE82}.Debug|Any CPU.ActiveCfg = Debug|Any CPU
		{79B8C5F4-AEE7-46CE-A353-24AF88F2EE82}.Debug|Any CPU.Build.0 = Debug|Any CPU
		{79B8C5F4-AEE7-46CE-A353-24AF88F2EE82}.Release|Any CPU.ActiveCfg = Release|Any CPU
		{79B8C5F4-AEE7-46CE-A353-24AF88F2EE82}.Release|Any CPU.Build.0 = Release|Any CPU
	EndGlobalSection
	GlobalSection(SolutionProperties) = preSolution
		HideSolutionNode = FALSE
	EndGlobalSection
	GlobalSection(ExtensibilityGlobals) = postSolution
		SolutionGuid = {EDA1CFCA-050E-40BA-8822-724CA9AB1E61}
	EndGlobalSection
EndGlobal
